
Microsoft Visual Studio Solution File, Format Version 12.00
# Visual Studio Version 17
VisualStudioVersion = 17.0.31912.275
MinimumVisualStudioVersion = 10.0.40219.1
Project("{FAE04EC0-301F-11D3-BF4B-00C04F79EFBC}") = "SVKClient", "SVKClient\SVKClient.csproj", "{DDABB8FA-FBD4-47FB-8AE9-5C47B111F232}"
EndProject
Global
	GlobalSection(SolutionConfigurationPlatforms) = preSolution
		Debug|Any CPU = Debug|Any CPU
		Release|Any CPU = Release|Any CPU
	EndGlobalSection
	GlobalSection(ProjectConfigurationPlatforms) = postSolution
		{DDABB8FA-FBD4-47FB-8AE9-5C47B111F232}.Debug|Any CPU.ActiveCfg = Debug|Any CPU
		{DDABB8FA-FBD4-47FB-8AE9-5C47B111F232}.Debug|Any CPU.Build.0 = Debug|Any CPU
		{DDABB8FA-FBD4-47FB-8AE9-5C47B111F232}.Release|Any CPU.ActiveCfg = Release|Any CPU
		{DDABB8FA-FBD4-47FB-8AE9-5C47B111F232}.Release|Any CPU.Build.0 = Release|Any CPU
	EndGlobalSection
	GlobalSection(SolutionProperties) = preSolution
		HideSolutionNode = FALSE
	EndGlobalSection
	GlobalSection(ExtensibilityGlobals) = postSolution
		SolutionGuid = {3185DDFD-BB08-4413-893B-4850EB0883A3}
	EndGlobalSection
EndGlobal
